
Microsoft Visual Studio Solution File, Format Version 12.00
# Visual Studio Version 16
VisualStudioVersion = 16.0.30907.101
MinimumVisualStudioVersion = 10.0.40219.1
Project("{FAE04EC0-301F-11D3-BF4B-00C04F79EFBC}") = "IntervalSing", "IntervalSing\IntervalSing.csproj", "{C00C1038-7B33-4F59-A792-C90E98583751}"
EndProject
Project("{FAE04EC0-301F-11D3-BF4B-00C04F79EFBC}") = "Musicality", "Musicality\Musicality.csproj", "{810CE5E6-5063-4FB5-854E-2D94B16E3877}"
EndProject
Project("{FAE04EC0-301F-11D3-BF4B-00C04F79EFBC}") = "SequenceSing", "SequenceSing\SequenceSing.csproj", "{B0E8D1A6-DAA4-4A5A-989C-E45C378853F1}"
	ProjectSection(ProjectDependencies) = postProject
		{810CE5E6-5063-4FB5-854E-2D94B16E3877} = {810CE5E6-5063-4FB5-854E-2D94B16E3877}
	EndProjectSection
EndProject
Project("{FAE04EC0-301F-11D3-BF4B-00C04F79EFBC}") = "NotesTranscribe", "NotesTranscribe\NotesTranscribe.csproj", "{7F2230BE-6B95-467A-A77F-C8618536AD5A}"
	ProjectSection(ProjectDependencies) = postProject
		{810CE5E6-5063-4FB5-854E-2D94B16E3877} = {810CE5E6-5063-4FB5-854E-2D94B16E3877}
	EndProjectSection
EndProject
Global
	GlobalSection(SolutionConfigurationPlatforms) = preSolution
		Debug|Any CPU = Debug|Any CPU
		Release|Any CPU = Release|Any CPU
	EndGlobalSection
	GlobalSection(ProjectConfigurationPlatforms) = postSolution
		{C00C1038-7B33-4F59-A792-C90E98583751}.Debug|Any CPU.ActiveCfg = Debug|Any CPU
		{C00C1038-7B33-4F59-A792-C90E98583751}.Debug|Any CPU.Build.0 = Debug|Any CPU
		{C00C1038-7B33-4F59-A792-C90E98583751}.Release|Any CPU.ActiveCfg = Release|Any CPU
		{C00C1038-7B33-4F59-A792-C90E98583751}.Release|Any CPU.Build.0 = Release|Any CPU
		{810CE5E6-5063-4FB5-854E-2D94B16E3877}.Debug|Any CPU.ActiveCfg = Debug|Any CPU
		{810CE5E6-5063-4FB5-854E-2D94B16E3877}.Debug|Any CPU.Build.0 = Debug|Any CPU
		{810CE5E6-5063-4FB5-854E-2D94B16E3877}.Release|Any CPU.ActiveCfg = Release|Any CPU
		{810CE5E6-5063-4FB5-854E-2D94B16E3877}.Release|Any CPU.Build.0 = Release|Any CPU
		{B0E8D1A6-DAA4-4A5A-989C-E45C378853F1}.Debug|Any CPU.ActiveCfg = Debug|Any CPU
		{B0E8D1A6-DAA4-4A5A-989C-E45C378853F1}.Debug|Any CPU.Build.0 = Debug|Any CPU
		{B0E8D1A6-DAA4-4A5A-989C-E45C378853F1}.Release|Any CPU.ActiveCfg = Release|Any CPU
		{B0E8D1A6-DAA4-4A5A-989C-E45C378853F1}.Release|Any CPU.Build.0 = Release|Any CPU
		{7F2230BE-6B95-467A-A77F-C8618536AD5A}.Debug|Any CPU.ActiveCfg = Debug|Any CPU
		{7F2230BE-6B95-467A-A77F-C8618536AD5A}.Debug|Any CPU.Build.0 = Debug|Any CPU
		{7F2230BE-6B95-467A-A77F-C8618536AD5A}.Release|Any CPU.ActiveCfg = Release|Any CPU
		{7F2230BE-6B95-467A-A77F-C8618536AD5A}.Release|Any CPU.Build.0 = Release|Any CPU
	EndGlobalSection
	GlobalSection(SolutionProperties) = preSolution
		HideSolutionNode = FALSE
	EndGlobalSection
	GlobalSection(ExtensibilityGlobals) = postSolution
		SolutionGuid = {4F067D2B-0DBA-433F-B0E8-F111842D5F94}
	EndGlobalSection
EndGlobal
